
Microsoft Visual Studio Solution File, Format Version 11.00
# Visual Studio 2010
Project("{FAE04EC0-301F-11D3-BF4B-00C04F79EFBC}") = "Assembly-CSharp-firstpass", "Assembly-CSharp-firstpass.csproj", "{f0ebf47d-3038-4cb5-476b-5743a4e2fcb6}"
EndProject
Project("{FAE04EC0-301F-11D3-BF4B-00C04F79EFBC}") = "Sirenix.OdinInspector.CompatibilityLayer", "Sirenix.OdinInspector.CompatibilityLayer.csproj", "{cb135b5a-ee88-b978-fdb7-f4aebf8b8633}"
EndProject
Project("{FAE04EC0-301F-11D3-BF4B-00C04F79EFBC}") = "Assembly-CSharp", "Assembly-CSharp.csproj", "{6697c3fd-39e4-045e-c9c1-97d70e7e70cf}"
EndProject
Project("{FAE04EC0-301F-11D3-BF4B-00C04F79EFBC}") = "Sirenix.OdinInspector.CompatibilityLayer.Editor", "Sirenix.OdinInspector.CompatibilityLayer.Editor.csproj", "{27f7b529-6823-c80b-dd95-34a89d364e76}"
EndProject
Project("{FAE04EC0-301F-11D3-BF4B-00C04F79EFBC}") = "Sirenix.OdinValidator", "Sirenix.OdinValidator.csproj", "{d0d49ff1-9726-127e-b724-c2a55c89f4ba}"
EndProject
Project("{FAE04EC0-301F-11D3-BF4B-00C04F79EFBC}") = "Assembly-CSharp-Editor-firstpass", "Assembly-CSharp-Editor-firstpass.csproj", "{cb7573f8-39a6-52f8-051a-b22afc3664c5}"
EndProject
Project("{FAE04EC0-301F-11D3-BF4B-00C04F79EFBC}") = "Sirenix.OdinInspector.Modules.UnityMathematics", "Sirenix.OdinInspector.Modules.UnityMathematics.csproj", "{40ae4b51-2c35-5039-17f1-a6a4ae1b028d}"
EndProject
Global
	GlobalSection(SolutionConfigurationPlatforms) = preSolution
		Debug|Any CPU = Debug|Any CPU
		Release|Any CPU = Release|Any CPU
	EndGlobalSection
	GlobalSection(ProjectConfigurationPlatforms) = postSolution
		{f0ebf47d-3038-4cb5-476b-5743a4e2fcb6}.Debug|Any CPU.ActiveCfg = Debug|Any CPU
		{f0ebf47d-3038-4cb5-476b-5743a4e2fcb6}.Debug|Any CPU.Build.0 = Debug|Any CPU
		{f0ebf47d-3038-4cb5-476b-5743a4e2fcb6}.Release|Any CPU.ActiveCfg = Release|Any CPU
		{f0ebf47d-3038-4cb5-476b-5743a4e2fcb6}.Release|Any CPU.Build.0 = Release|Any CPU
		{cb135b5a-ee88-b978-fdb7-f4aebf8b8633}.Debug|Any CPU.ActiveCfg = Debug|Any CPU
		{cb135b5a-ee88-b978-fdb7-f4aebf8b8633}.Debug|Any CPU.Build.0 = Debug|Any CPU
		{cb135b5a-ee88-b978-fdb7-f4aebf8b8633}.Release|Any CPU.ActiveCfg = Release|Any CPU
		{cb135b5a-ee88-b978-fdb7-f4aebf8b8633}.Release|Any CPU.Build.0 = Release|Any CPU
		{6697c3fd-39e4-045e-c9c1-97d70e7e70cf}.Debug|Any CPU.ActiveCfg = Debug|Any CPU
		{6697c3fd-39e4-045e-c9c1-97d70e7e70cf}.Debug|Any CPU.Build.0 = Debug|Any CPU
		{6697c3fd-39e4-045e-c9c1-97d70e7e70cf}.Release|Any CPU.ActiveCfg = Release|Any CPU
		{6697c3fd-39e4-045e-c9c1-97d70e7e70cf}.Release|Any CPU.Build.0 = Release|Any CPU
		{27f7b529-6823-c80b-dd95-34a89d364e76}.Debug|Any CPU.ActiveCfg = Debug|Any CPU
		{27f7b529-6823-c80b-dd95-34a89d364e76}.Debug|Any CPU.Build.0 = Debug|Any CPU
		{27f7b529-6823-c80b-dd95-34a89d364e76}.Release|Any CPU.ActiveCfg = Release|Any CPU
		{27f7b529-6823-c80b-dd95-34a89d364e76}.Release|Any CPU.Build.0 = Release|Any CPU
		{d0d49ff1-9726-127e-b724-c2a55c89f4ba}.Debug|Any CPU.ActiveCfg = Debug|Any CPU
		{d0d49ff1-9726-127e-b724-c2a55c89f4ba}.Debug|Any CPU.Build.0 = Debug|Any CPU
		{d0d49ff1-9726-127e-b724-c2a55c89f4ba}.Release|Any CPU.ActiveCfg = Release|Any CPU
		{d0d49ff1-9726-127e-b724-c2a55c89f4ba}.Release|Any CPU.Build.0 = Release|Any CPU
		{cb7573f8-39a6-52f8-051a-b22afc3664c5}.Debug|Any CPU.ActiveCfg = Debug|Any CPU
		{cb7573f8-39a6-52f8-051a-b22afc3664c5}.Debug|Any CPU.Build.0 = Debug|Any CPU
		{cb7573f8-39a6-52f8-051a-b22afc3664c5}.Release|Any CPU.ActiveCfg = Release|Any CPU
		{cb7573f8-39a6-52f8-051a-b22afc3664c5}.Release|Any CPU.Build.0 = Release|Any CPU
		{40ae4b51-2c35-5039-17f1-a6a4ae1b028d}.Debug|Any CPU.ActiveCfg = Debug|Any CPU
		{40ae4b51-2c35-5039-17f1-a6a4ae1b028d}.Debug|Any CPU.Build.0 = Debug|Any CPU
		{40ae4b51-2c35-5039-17f1-a6a4ae1b028d}.Release|Any CPU.ActiveCfg = Release|Any CPU
		{40ae4b51-2c35-5039-17f1-a6a4ae1b028d}.Release|Any CPU.Build.0 = Release|Any CPU
	EndGlobalSection
	GlobalSection(SolutionProperties) = preSolution
		HideSolutionNode = FALSE
	EndGlobalSection
EndGlobal
